# THIS IS AN AUTOGENERATED FILE. DO NOT EDIT THIS FILE DIRECTLY.
# yarn lockfile v1


"@types/bn.js@^5.1.0":
  version "5.1.1"
  resolved "https://registry.yarnpkg.com/@types/bn.js/-/bn.js-5.1.1.tgz#b51e1b55920a4ca26e9285ff79936bbdec910682"
  integrity sha512-qNrYbZqMx0uJAfKnKclPh+dTwK33KfLHYqtyODwd5HnXOjnkhc4qgn3BrK6RWyGZm5+sIFE7Q7Vz6QQtJB7w7g==
  dependencies:
    "@types/node" "*"

"@types/node@*":
  version "20.4.2"
  resolved "https://registry.yarnpkg.com/@types/node/-/node-20.4.2.tgz#129cc9ae69f93824f92fac653eebfb4812ab4af9"
  integrity sha512-Dd0BYtWgnWJKwO1jkmTrzofjK2QXXcai0dmtzvIBhcA+RsG5h8R3xlyta0kGOZRNfL9GuRtb1knmPEhQrePCEw==

"@types/pbkdf2@^3.0.0":
  version "3.1.0"
  resolved "https://registry.yarnpkg.com/@types/pbkdf2/-/pbkdf2-3.1.0.tgz#039a0e9b67da0cdc4ee5dab865caa6b267bb66b1"
  integrity sha512-Cf63Rv7jCQ0LaL8tNXmEyqTHuIJxRdlS5vMh1mj5voN4+QFhVZnlZruezqpWYDiJ8UTzhP0VmeLXCmBk66YrMQ==
  dependencies:
    "@types/node" "*"

"@types/secp256k1@^4.0.1":
  version "4.0.3"
  resolved "https://registry.yarnpkg.com/@types/secp256k1/-/secp256k1-4.0.3.tgz#1b8e55d8e00f08ee7220b4d59a6abe89c37a901c"
  integrity sha512-Da66lEIFeIz9ltsdMZcpQvmrmmoqrfju8pm1BH8WbYjZSwUgCwXLb9C+9XYogwBITnbsSaMdVPb2ekf7TV+03w==
  dependencies:
    "@types/node" "*"

aes-js@^3.1.2:
  version "3.1.2"
  resolved "https://registry.yarnpkg.com/aes-js/-/aes-js-3.1.2.tgz#db9aabde85d5caabbfc0d4f2a4446960f627146a"
  integrity sha512-e5pEa2kBnBOgR4Y/p20pskXI74UEz7de8ZGVo58asOtvSVG5YAbJeELPZxOmt+Bnz3rX753YKhfIn4X4l1PPRQ==

base-x@^3.0.2:
  version "3.0.9"
  resolved "https://registry.yarnpkg.com/base-x/-/base-x-3.0.9.tgz#6349aaabb58526332de9f60995e548a53fe21320"
  integrity sha512-H7JU6iBHTal1gp56aKoaa//YUxEaAOUiydvrV/pILqIHXTtqxSkATOnDA2u+jZ/61sD+L/412+7kzXRtWukhpQ==
  dependencies:
    safe-buffer "^5.0.1"

blakejs@^1.1.0:
  version "1.2.1"
  resolved "https://registry.yarnpkg.com/blakejs/-/blakejs-1.2.1.tgz#5057e4206eadb4a97f7c0b6e197a505042fc3814"
  integrity sha512-QXUSXI3QVc/gJME0dBpXrag1kbzOqCjCX8/b54ntNyW6sjtoqxqRk3LTmXzaJoh71zMsDCjM+47jS7XiwN/+fQ==

bn.js@^4.11.9:
  version "4.12.0"
  resolved "https://registry.yarnpkg.com/bn.js/-/bn.js-4.12.0.tgz#775b3f278efbb9718eec7361f483fb36fbbfea88"
  integrity sha512-c98Bf3tPniI+scsdk237ku1Dc3ujXQTSgyiPUDEOe7tRkhrqridvh8klBv0HCEso1OLOYcHuCv/cS6DNxKH+ZA==

bn.js@^5.1.2, bn.js@^5.2.0:
  version "5.2.1"
  resolved "https://registry.yarnpkg.com/bn.js/-/bn.js-5.2.1.tgz#0bc527a6a0d18d0aa8d5b0538ce4a77dccfa7b70"
  integrity sha512-eXRvHzWyYPBuB4NBy0cmYQjGitUrtqwbvlzP3G6VFnNRbsZQIxQ10PbKKHt8gZ/HW/D/747aDl+QkDqg3KQLMQ==

brorand@^1.1.0:
  version "1.1.0"
  resolved "https://registry.yarnpkg.com/brorand/-/brorand-1.1.0.tgz#12c25efe40a45e3c323eb8675a0a0ce57b22371f"
  integrity sha512-cKV8tMCEpQs4hK/ik71d6LrPOnpkpGBR0wzxqr68g2m/LB2GxVYQroAjMJZRVM1Y4BCjCKc3vAamxSzOY2RP+w==

browserify-aes@^1.2.0:
  version "1.2.0"
  resolved "https://registry.yarnpkg.com/browserify-aes/-/browserify-aes-1.2.0.tgz#326734642f403dabc3003209853bb70ad428ef48"
  integrity sha512-+7CHXqGuspUn/Sl5aO7Ea0xWGAtETPXNSAjHo48JfLdPWcMng33Xe4znFvQweqc/uzk5zSOI3H52CYnjCfb5hA==
  dependencies:
    buffer-xor "^1.0.3"
    cipher-base "^1.0.0"
    create-hash "^1.1.0"
    evp_bytestokey "^1.0.3"
    inherits "^2.0.1"
    safe-buffer "^5.0.1"

bs58@^4.0.0:
  version "4.0.1"
  resolved "https://registry.yarnpkg.com/bs58/-/bs58-4.0.1.tgz#be161e76c354f6f788ae4071f63f34e8c4f0a42a"
  integrity sha512-Ok3Wdf5vOIlBrgCvTq96gBkJw+JUEzdBgyaza5HLtPm7yTHkjRy8+JzNyHF7BHa0bNWOQIp3m5YF0nnFcOIKLw==
  dependencies:
    base-x "^3.0.2"

bs58check@^2.1.2:
  version "2.1.2"
  resolved "https://registry.yarnpkg.com/bs58check/-/bs58check-2.1.2.tgz#53b018291228d82a5aa08e7d796fdafda54aebfc"
  integrity sha512-0TS1jicxdU09dwJMNZtVAfzPi6Q6QeN0pM1Fkzrjn+XYHvzMKPU3pHVpva+769iNVSfIYWf7LJ6WR+BuuMf8cA==
  dependencies:
    bs58 "^4.0.0"
    create-hash "^1.1.0"
    safe-buffer "^5.1.2"

buffer-xor@^1.0.3:
  version "1.0.3"
  resolved "https://registry.yarnpkg.com/buffer-xor/-/buffer-xor-1.0.3.tgz#26e61ed1422fb70dd42e6e36729ed51d855fe8d9"
  integrity sha512-571s0T7nZWK6vB67HI5dyUF7wXiNcfaPPPTl6zYCNApANjIvYJTg7hlud/+cJpdAhS7dVzqMLmfhfHR3rAcOjQ==

cipher-base@^1.0.0, cipher-base@^1.0.1, cipher-base@^1.0.3:
  version "1.0.4"
  resolved "https://registry.yarnpkg.com/cipher-base/-/cipher-base-1.0.4.tgz#8760e4ecc272f4c363532f926d874aae2c1397de"
  integrity sha512-Kkht5ye6ZGmwv40uUDZztayT2ThLQGfnj/T71N/XzeZeo3nf8foyW7zGTsPYkEya3m5f3cAypH+qe7YOrM1U2Q==
  dependencies:
    inherits "^2.0.1"
    safe-buffer "^5.0.1"

create-hash@^1.1.0, create-hash@^1.1.2, create-hash@^1.2.0:
  version "1.2.0"
  resolved "https://registry.yarnpkg.com/create-hash/-/create-hash-1.2.0.tgz#889078af11a63756bcfb59bd221996be3a9ef196"
  integrity sha512-z00bCGNHDG8mHAkP7CtT1qVu+bFQUPjYq/4Iv3C3kWjTFV10zIjfSoeqXo9Asws8gwSHDGj/hl2u4OGIjapeCg==
  dependencies:
    cipher-base "^1.0.1"
    inherits "^2.0.1"
    md5.js "^1.3.4"
    ripemd160 "^2.0.1"
    sha.js "^2.4.0"

create-hmac@^1.1.4, create-hmac@^1.1.7:
  version "1.1.7"
  resolved "https://registry.yarnpkg.com/create-hmac/-/create-hmac-1.1.7.tgz#69170c78b3ab957147b2b8b04572e47ead2243ff"
  integrity sha512-MJG9liiZ+ogc4TzUwuvbER1JRdgvUFSB5+VR/g5h82fGaIRWMWddtKBHi7/sVhfjQZ6SehlyhvQYrcYkaUIpLg==
  dependencies:
    cipher-base "^1.0.3"
    create-hash "^1.1.0"
    inherits "^2.0.1"
    ripemd160 "^2.0.0"
    safe-buffer "^5.0.1"
    sha.js "^2.4.8"

elliptic@^6.5.4:
  version "6.5.4"
  resolved "https://registry.yarnpkg.com/elliptic/-/elliptic-6.5.4.tgz#da37cebd31e79a1367e941b592ed1fbebd58abbb"
  integrity sha512-iLhC6ULemrljPZb+QutR5TQGB+pdW6KGD5RSegS+8sorOZT+rdQFbsQFJgvN3eRqNALqJer4oQ16YvJHlU8hzQ==
  dependencies:
    bn.js "^4.11.9"
    brorand "^1.1.0"
    hash.js "^1.0.0"
    hmac-drbg "^1.0.1"
    inherits "^2.0.4"
    minimalistic-assert "^1.0.1"
    minimalistic-crypto-utils "^1.0.1"

ethereum-cryptography@^0.1.3:
  version "0.1.3"
  resolved "https://registry.yarnpkg.com/ethereum-cryptography/-/ethereum-cryptography-0.1.3.tgz#8d6143cfc3d74bf79bbd8edecdf29e4ae20dd191"
  integrity sha512-w8/4x1SGGzc+tO97TASLja6SLd3fRIK2tLVcV2Gx4IB21hE19atll5Cq9o3d0ZmAYC/8aw0ipieTSiekAea4SQ==
  dependencies:
    "@types/pbkdf2" "^3.0.0"
    "@types/secp256k1" "^4.0.1"
    blakejs "^1.1.0"
    browserify-aes "^1.2.0"
    bs58check "^2.1.2"
    create-hash "^1.2.0"
    create-hmac "^1.1.7"
    hash.js "^1.1.7"
    keccak "^3.0.0"
    pbkdf2 "^3.0.17"
    randombytes "^2.1.0"
    safe-buffer "^5.1.2"
    scrypt-js "^3.0.0"
    secp256k1 "^4.0.1"
    setimmediate "^1.0.5"

ethereumjs-util@^7.1.2:
  version "7.1.5"
  resolved "https://registry.yarnpkg.com/ethereumjs-util/-/ethereumjs-util-7.1.5.tgz#9ecf04861e4fbbeed7465ece5f23317ad1129181"
  integrity sha512-SDl5kKrQAudFBUe5OJM9Ac6WmMyYmXX/6sTmLZ3ffG2eY6ZIGBes3pEDxNN6V72WyOw4CPD5RomKdsa8DAAwLg==
  dependencies:
    "@types/bn.js" "^5.1.0"
    bn.js "^5.1.2"
    create-hash "^1.1.2"
    ethereum-cryptography "^0.1.3"
    rlp "^2.2.4"

ethereumjs-wallet@^1.0.2:
  version "1.0.2"
  resolved "https://registry.yarnpkg.com/ethereumjs-wallet/-/ethereumjs-wallet-1.0.2.tgz#2c000504b4c71e8f3782dabe1113d192522e99b6"
  integrity sha512-CCWV4RESJgRdHIvFciVQFnCHfqyhXWchTPlkfp28Qc53ufs+doi5I/cV2+xeK9+qEo25XCWfP9MiL+WEPAZfdA==
  dependencies:
    aes-js "^3.1.2"
    bs58check "^2.1.2"
    ethereum-cryptography "^0.1.3"
    ethereumjs-util "^7.1.2"
    randombytes "^2.1.0"
    scrypt-js "^3.0.1"
    utf8 "^3.0.0"
    uuid "^8.3.2"

evp_bytestokey@^1.0.3:
  version "1.0.3"
  resolved "https://registry.yarnpkg.com/evp_bytestokey/-/evp_bytestokey-1.0.3.tgz#7fcbdb198dc71959432efe13842684e0525acb02"
  integrity sha512-/f2Go4TognH/KvCISP7OUsHn85hT9nUkxxA9BEWxFn+Oj9o8ZNLm/40hdlgSLyuOimsrTKLUMEorQexp/aPQeA==
  dependencies:
    md5.js "^1.3.4"
    safe-buffer "^5.1.1"

hash-base@^3.0.0:
  version "3.1.0"
  resolved "https://registry.yarnpkg.com/hash-base/-/hash-base-3.1.0.tgz#55c381d9e06e1d2997a883b4a3fddfe7f0d3af33"
  integrity sha512-1nmYp/rhMDiE7AYkDw+lLwlAzz0AntGIe51F3RfFfEqyQ3feY2eI/NcwC6umIQVOASPMsWJLJScWKSSvzL9IVA==
  dependencies:
    inherits "^2.0.4"
    readable-stream "^3.6.0"
    safe-buffer "^5.2.0"

hash.js@^1.0.0, hash.js@^1.0.3, hash.js@^1.1.7:
  version "1.1.7"
  resolved "https://registry.yarnpkg.com/hash.js/-/hash.js-1.1.7.tgz#0babca538e8d4ee4a0f8988d68866537a003cf42"
  integrity sha512-taOaskGt4z4SOANNseOviYDvjEJinIkRgmp7LbKP2YTTmVxWBl87s/uzK9r+44BclBSp2X7K1hqeNfz9JbBeXA==
  dependencies:
    inherits "^2.0.3"
    minimalistic-assert "^1.0.1"

hmac-drbg@^1.0.1:
  version "1.0.1"
  resolved "https://registry.yarnpkg.com/hmac-drbg/-/hmac-drbg-1.0.1.tgz#d2745701025a6c775a6c545793ed502fc0c649a1"
  integrity sha512-Tti3gMqLdZfhOQY1Mzf/AanLiqh1WTiJgEj26ZuYQ9fbkLomzGchCws4FyrSd4VkpBfiNhaE1On+lOz894jvXg==
  dependencies:
    hash.js "^1.0.3"
    minimalistic-assert "^1.0.0"
    minimalistic-crypto-utils "^1.0.1"

inherits@^2.0.1, inherits@^2.0.3, inherits@^2.0.4:
  version "2.0.4"
  resolved "https://registry.yarnpkg.com/inherits/-/inherits-2.0.4.tgz#0fa2c64f932917c3433a0ded55363aae37416b7c"
  integrity sha512-k/vGaX4/Yla3WzyMCvTQOXYeIHvqOKtnqBduzTHpzpQZzAskKMhZ2K+EnBiSM9zGSoIFeMpXKxa4dYeZIQqewQ==

keccak@^3.0.0:
  version "3.0.3"
  resolved "https://registry.yarnpkg.com/keccak/-/keccak-3.0.3.tgz#4bc35ad917be1ef54ff246f904c2bbbf9ac61276"
  integrity sha512-JZrLIAJWuZxKbCilMpNz5Vj7Vtb4scDG3dMXLOsbzBmQGyjwE61BbW7bJkfKKCShXiQZt3T6sBgALRtmd+nZaQ==
  dependencies:
    node-addon-api "^2.0.0"
    node-gyp-build "^4.2.0"
    readable-stream "^3.6.0"

md5.js@^1.3.4:
  version "1.3.5"
  resolved "https://registry.yarnpkg.com/md5.js/-/md5.js-1.3.5.tgz#b5d07b8e3216e3e27cd728d72f70d1e6a342005f"
  integrity sha512-xitP+WxNPcTTOgnTJcrhM0xvdPepipPSf3I8EIpGKeFLjt3PlJLIDG3u8EX53ZIubkb+5U2+3rELYpEhHhzdkg==
  dependencies:
    hash-base "^3.0.0"
    inherits "^2.0.1"
    safe-buffer "^5.1.2"

minimalistic-assert@^1.0.0, minimalistic-assert@^1.0.1:
  version "1.0.1"
  resolved "https://registry.yarnpkg.com/minimalistic-assert/-/minimalistic-assert-1.0.1.tgz#2e194de044626d4a10e7f7fbc00ce73e83e4d5c7"
  integrity sha512-UtJcAD4yEaGtjPezWuO9wC4nwUnVH/8/Im3yEHQP4b67cXlD/Qr9hdITCU1xDbSEXg2XKNaP8jsReV7vQd00/A==

minimalistic-crypto-utils@^1.0.1:
  version "1.0.1"
  resolved "https://registry.yarnpkg.com/minimalistic-crypto-utils/-/minimalistic-crypto-utils-1.0.1.tgz#f6c00c1c0b082246e5c4d99dfb8c7c083b2b582a"
  integrity sha512-JIYlbt6g8i5jKfJ3xz7rF0LXmv2TkDxBLUkiBeZ7bAx4GnnNMr8xFpGnOxn6GhTEHx3SjRrZEoU+j04prX1ktg==

node-addon-api@^2.0.0:
  version "2.0.2"
  resolved "https://registry.yarnpkg.com/node-addon-api/-/node-addon-api-2.0.2.tgz#432cfa82962ce494b132e9d72a15b29f71ff5d32"
  integrity sha512-Ntyt4AIXyaLIuMHF6IOoTakB3K+RWxwtsHNRxllEoA6vPwP9o4866g6YWDLUdnucilZhmkxiHwHr11gAENw+QA==

node-gyp-build@^4.2.0:
  version "4.6.0"
  resolved "https://registry.yarnpkg.com/node-gyp-build/-/node-gyp-build-4.6.0.tgz#0c52e4cbf54bbd28b709820ef7b6a3c2d6209055"
  integrity sha512-NTZVKn9IylLwUzaKjkas1e4u2DLNcV4rdYagA4PWdPwW87Bi7z+BznyKSRwS/761tV/lzCGXplWsiaMjLqP2zQ==

pbkdf2@^3.0.17:
  version "3.1.2"
  resolved "https://registry.yarnpkg.com/pbkdf2/-/pbkdf2-3.1.2.tgz#dd822aa0887580e52f1a039dc3eda108efae3075"
  integrity sha512-iuh7L6jA7JEGu2WxDwtQP1ddOpaJNC4KlDEFfdQajSGgGPNi4OyDc2R7QnbY2bR9QjBVGwgvTdNJZoE7RaxUMA==
  dependencies:
    create-hash "^1.1.2"
    create-hmac "^1.1.4"
    ripemd160 "^2.0.1"
    safe-buffer "^5.0.1"
    sha.js "^2.4.8"

randombytes@^2.1.0:
  version "2.1.0"
  resolved "https://registry.yarnpkg.com/randombytes/-/randombytes-2.1.0.tgz#df6f84372f0270dc65cdf6291349ab7a473d4f2a"
  integrity sha512-vYl3iOX+4CKUWuxGi9Ukhie6fsqXqS9FE2Zaic4tNFD2N2QQaXOMFbuKK4QmDHC0JO6B1Zp41J0LpT0oR68amQ==
  dependencies:
    safe-buffer "^5.1.0"

readable-stream@^3.6.0:
  version "3.6.2"
  resolved "https://registry.yarnpkg.com/readable-stream/-/readable-stream-3.6.2.tgz#56a9b36ea965c00c5a93ef31eb111a0f11056967"
  integrity sha512-9u/sniCrY3D5WdsERHzHE4G2YCXqoG5FTHUiCC4SIbr6XcLZBY05ya9EKjYek9O5xOAwjGq+1JdGBAS7Q9ScoA==
  dependencies:
    inherits "^2.0.3"
    string_decoder "^1.1.1"
    util-deprecate "^1.0.1"

ripemd160@^2.0.0, ripemd160@^2.0.1:
  version "2.0.2"
  resolved "https://registry.yarnpkg.com/ripemd160/-/ripemd160-2.0.2.tgz#a1c1a6f624751577ba5d07914cbc92850585890c"
  integrity sha512-ii4iagi25WusVoiC4B4lq7pbXfAp3D9v5CwfkY33vffw2+pkDjY1D8GaN7spsxvCSx8dkPqOZCEZyfxcmJG2IA==
  dependencies:
    hash-base "^3.0.0"
    inherits "^2.0.1"

rlp@^2.2.4:
  version "2.2.7"
  resolved "https://registry.yarnpkg.com/rlp/-/rlp-2.2.7.tgz#33f31c4afac81124ac4b283e2bd4d9720b30beaf"
  integrity sha512-d5gdPmgQ0Z+AklL2NVXr/IoSjNZFfTVvQWzL/AM2AOcSzYP2xjlb0AC8YyCLc41MSNf6P6QVtjgPdmVtzb+4lQ==
  dependencies:
    bn.js "^5.2.0"

safe-buffer@^5.0.1, safe-buffer@^5.1.0, safe-buffer@^5.1.1, safe-buffer@^5.1.2, safe-buffer@^5.2.0, safe-buffer@~5.2.0:
  version "5.2.1"
  resolved "https://registry.yarnpkg.com/safe-buffer/-/safe-buffer-5.2.1.tgz#1eaf9fa9bdb1fdd4ec75f58f9cdb4e6b7827eec6"
  integrity sha512-rp3So07KcdmmKbGvgaNxQSJr7bGVSVk5S9Eq1F+ppbRo70+YeaDxkw5Dd8NPN+GD6bjnYm2VuPuCXmpuYvmCXQ==

scrypt-js@^3.0.0, scrypt-js@^3.0.1:
  version "3.0.1"
  resolved "https://registry.yarnpkg.com/scrypt-js/-/scrypt-js-3.0.1.tgz#d314a57c2aef69d1ad98a138a21fe9eafa9ee312"
  integrity sha512-cdwTTnqPu0Hyvf5in5asVdZocVDTNRmR7XEcJuIzMjJeSHybHl7vpB66AzwTaIg6CLSbtjcxc8fqcySfnTkccA==

secp256k1@^4.0.1:
  version "4.0.3"
  resolved "https://registry.yarnpkg.com/secp256k1/-/secp256k1-4.0.3.tgz#c4559ecd1b8d3c1827ed2d1b94190d69ce267303"
  integrity sha512-NLZVf+ROMxwtEj3Xa562qgv2BK5e2WNmXPiOdVIPLgs6lyTzMvBq0aWTYMI5XCP9jZMVKOcqZLw/Wc4vDkuxhA==
  dependencies:
    elliptic "^6.5.4"
    node-addon-api "^2.0.0"
    node-gyp-build "^4.2.0"

setimmediate@^1.0.5:
  version "1.0.5"
  resolved "https://registry.yarnpkg.com/setimmediate/-/setimmediate-1.0.5.tgz#290cbb232e306942d7d7ea9b83732ab7856f8285"
  integrity sha512-MATJdZp8sLqDl/68LfQmbP8zKPLQNV6BIZoIgrscFDQ+RsvK/BxeDQOgyxKKoh0y/8h3BqVFnCqQ/gd+reiIXA==

sha.js@^2.4.0, sha.js@^2.4.8:
  version "2.4.11"
  resolved "https://registry.yarnpkg.com/sha.js/-/sha.js-2.4.11.tgz#37a5cf0b81ecbc6943de109ba2960d1b26584ae7"
  integrity sha512-QMEp5B7cftE7APOjk5Y6xgrbWu+WkLVQwk8JNjZ8nKRciZaByEW6MubieAiToS7+dwvrjGhH8jRXz3MVd0AYqQ==
  dependencies:
    inherits "^2.0.1"
    safe-buffer "^5.0.1"

string_decoder@^1.1.1:
  version "1.3.0"
  resolved "https://registry.yarnpkg.com/string_decoder/-/string_decoder-1.3.0.tgz#42f114594a46cf1a8e30b0a84f56c78c3edac21e"
  integrity sha512-hkRX8U1WjJFd8LsDJ2yQ/wWWxaopEsABU1XfkM8A+j0+85JAGppt16cr1Whg6KIbb4okU6Mql6BOj+uup/wKeA==
  dependencies:
    safe-buffer "~5.2.0"

utf8@^3.0.0:
  version "3.0.0"
  resolved "https://registry.yarnpkg.com/utf8/-/utf8-3.0.0.tgz#f052eed1364d696e769ef058b183df88c87f69d1"
  integrity sha512-E8VjFIQ/TyQgp+TZfS6l8yp/xWppSAHzidGiRrqe4bK4XP9pTRyKFgGJpO3SN7zdX4DeomTrwaseCHovfpFcqQ==

util-deprecate@^1.0.1:
  version "1.0.2"
  resolved "https://registry.yarnpkg.com/util-deprecate/-/util-deprecate-1.0.2.tgz#450d4dc9fa70de732762fbd2d4a28981419a0ccf"
  integrity sha512-EPD5q1uXyFxJpCrLnCc1nHnq3gOa6DZBocAIiI2TaSCA7VCJ1UJDMagCzIkXNsUYfD1daK//LTEQ8xiIbrHtcw==

uuid@^8.3.2:
  version "8.3.2"
  resolved "https://registry.yarnpkg.com/uuid/-/uuid-8.3.2.tgz#80d5b5ced271bb9af6c445f21a1a04c606cefbe2"
  integrity sha512-+NYs2QeMWy+GWFOEm9xnn6HCDp0l7QBD7ml8zLUmJ+93Q5NF0NocErnwkTkXVFNiX3/fpC6afS8Dhb/gz7R7eg==
