{
  "name": "@tallyho/tally-background",
  "version": "0.0.1",
  "lockfileVersion": 1,
  "requires": true,
  "dependencies": {
    "@ethersproject/address": {
      "version": "5.6.0",
      "resolved": "https://registry.npmjs.org/@ethersproject/address/-/address-5.6.0.tgz",
      "integrity": "sha512-6nvhYXjbXsHPS+30sHZ+U4VMagFC/9zAk6Gd/h3S21YW4+yfb0WfRtaAIZ4kfM4rrVwqiy284LP0GtL5HXGLxQ==",
      "requires": {
        "@ethersproject/bignumber": "^5.6.0",
        "@ethersproject/bytes": "^5.6.0",
        "@ethersproject/keccak256": "^5.6.0",
        "@ethersproject/logger": "^5.6.0",
        "@ethersproject/rlp": "^5.6.0"
      }
    },
    "@ethersproject/base64": {
      "version": "5.6.0",
      "resolved": "https://registry.npmjs.org/@ethersproject/base64/-/base64-5.6.0.tgz",
      "integrity": "sha512-2Neq8wxJ9xHxCF9TUgmKeSh9BXJ6OAxWfeGWvbauPh8FuHEjamgHilllx8KkSd5ErxyHIX7Xv3Fkcud2kY9ezw==",
      "requires": {
        "@ethersproject/bytes": "^5.6.0"
      }
    },
    "@ethersproject/basex": {
      "version": "5.6.0",
      "resolved": "https://registry.npmjs.org/@ethersproject/basex/-/basex-5.6.0.tgz",
      "integrity": "sha512-qN4T+hQd/Md32MoJpc69rOwLYRUXwjTlhHDIeUkUmiN/JyWkkLLMoG0TqvSQKNqZOMgN5stbUYN6ILC+eD7MEQ==",
      "requires": {
        "@ethersproject/bytes": "^5.6.0",
        "@ethersproject/properties": "^5.6.0"
      }
    },
    "@ethersproject/bignumber": {
      "version": "5.6.0",
      "resolved": "https://registry.npmjs.org/@ethersproject/bignumber/-/bignumber-5.6.0.tgz",
      "integrity": "sha512-VziMaXIUHQlHJmkv1dlcd6GY2PmT0khtAqaMctCIDogxkrarMzA9L94KN1NeXqqOfFD6r0sJT3vCTOFSmZ07DA==",
      "requires": {
        "@ethersproject/bytes": "^5.6.0",
        "@ethersproject/logger": "^5.6.0",
        "bn.js": "^4.11.9"
      }
    },
    "@ethersproject/bytes": {
      "version": "5.6.1",
      "resolved": "https://registry.npmjs.org/@ethersproject/bytes/-/bytes-5.6.1.tgz",
      "integrity": "sha512-NwQt7cKn5+ZE4uDn+X5RAXLp46E1chXoaMmrxAyA0rblpxz8t58lVkrHXoRIn0lz1joQElQ8410GqhTqMOwc6g==",
      "requires": {
        "@ethersproject/logger": "^5.6.0"
      }
    },
    "@ethersproject/constants": {
      "version": "5.6.0",
      "resolved": "https://registry.npmjs.org/@ethersproject/constants/-/constants-5.6.0.tgz",
      "integrity": "sha512-SrdaJx2bK0WQl23nSpV/b1aq293Lh0sUaZT/yYKPDKn4tlAbkH96SPJwIhwSwTsoQQZxuh1jnqsKwyymoiBdWA==",
      "requires": {
        "@ethersproject/bignumber": "^5.6.0"
      }
    },
    "@ethersproject/hash": {
      "version": "5.6.0",
      "resolved": "https://registry.npmjs.org/@ethersproject/hash/-/hash-5.6.0.tgz",
      "integrity": "sha512-fFd+k9gtczqlr0/BruWLAu7UAOas1uRRJvOR84uDf4lNZ+bTkGl366qvniUZHKtlqxBRU65MkOobkmvmpHU+jA==",
      "requires": {
        "@ethersproject/abstract-signer": "^5.6.0",
        "@ethersproject/address": "^5.6.0",
        "@ethersproject/bignumber": "^5.6.0",
        "@ethersproject/bytes": "^5.6.0",
        "@ethersproject/keccak256": "^5.6.0",
        "@ethersproject/logger": "^5.6.0",
        "@ethersproject/properties": "^5.6.0",
        "@ethersproject/strings": "^5.6.0"
      },
      "dependencies": {
        "@ethersproject/abstract-provider": {
          "version": "5.6.0",
          "resolved": "https://registry.npmjs.org/@ethersproject/abstract-provider/-/abstract-provider-5.6.0.tgz",
          "integrity": "sha512-oPMFlKLN+g+y7a79cLK3WiLcjWFnZQtXWgnLAbHZcN3s7L4v90UHpTOrLk+m3yr0gt+/h9STTM6zrr7PM8uoRw==",
          "requires": {
            "@ethersproject/bignumber": "^5.6.0",
            "@ethersproject/bytes": "^5.6.0",
            "@ethersproject/logger": "^5.6.0",
            "@ethersproject/networks": "^5.6.0",
            "@ethersproject/properties": "^5.6.0",
            "@ethersproject/transactions": "^5.6.0",
            "@ethersproject/web": "^5.6.0"
          }
        },
        "@ethersproject/abstract-signer": {
          "version": "5.6.0",
          "resolved": "https://registry.npmjs.org/@ethersproject/abstract-signer/-/abstract-signer-5.6.0.tgz",
          "integrity": "sha512-WOqnG0NJKtI8n0wWZPReHtaLkDByPL67tn4nBaDAhmVq8sjHTPbCdz4DRhVu/cfTOvfy9w3iq5QZ7BX7zw56BQ==",
          "requires": {
            "@ethersproject/abstract-provider": "^5.6.0",
            "@ethersproject/bignumber": "^5.6.0",
            "@ethersproject/bytes": "^5.6.0",
            "@ethersproject/logger": "^5.6.0",
            "@ethersproject/properties": "^5.6.0"
          }
        },
        "@ethersproject/networks": {
          "version": "5.6.2",
          "resolved": "https://registry.npmjs.org/@ethersproject/networks/-/networks-5.6.2.tgz",
          "integrity": "sha512-9uEzaJY7j5wpYGTojGp8U89mSsgQLc40PCMJLMCnFXTs7nhBveZ0t7dbqWUNrepWTszDbFkYD6WlL8DKx5huHA==",
          "requires": {
            "@ethersproject/logger": "^5.6.0"
          }
        },
        "@ethersproject/transactions": {
          "version": "5.6.0",
          "resolved": "https://registry.npmjs.org/@ethersproject/transactions/-/transactions-5.6.0.tgz",
          "integrity": "sha512-4HX+VOhNjXHZyGzER6E/LVI2i6lf9ejYeWD6l4g50AdmimyuStKc39kvKf1bXWQMg7QNVh+uC7dYwtaZ02IXeg==",
          "requires": {
            "@ethersproject/address": "^5.6.0",
            "@ethersproject/bignumber": "^5.6.0",
            "@ethersproject/bytes": "^5.6.0",
            "@ethersproject/constants": "^5.6.0",
            "@ethersproject/keccak256": "^5.6.0",
            "@ethersproject/logger": "^5.6.0",
            "@ethersproject/properties": "^5.6.0",
            "@ethersproject/rlp": "^5.6.0",
            "@ethersproject/signing-key": "^5.6.0"
          }
        },
        "@ethersproject/web": {
          "version": "5.6.0",
          "resolved": "https://registry.npmjs.org/@ethersproject/web/-/web-5.6.0.tgz",
          "integrity": "sha512-G/XHj0hV1FxI2teHRfCGvfBUHFmU+YOSbCxlAMqJklxSa7QMiHFQfAxvwY2PFqgvdkxEKwRNr/eCjfAPEm2Ctg==",
          "requires": {
            "@ethersproject/base64": "^5.6.0",
            "@ethersproject/bytes": "^5.6.0",
            "@ethersproject/logger": "^5.6.0",
            "@ethersproject/properties": "^5.6.0",
            "@ethersproject/strings": "^5.6.0"
          }
        }
      }
    },
    "@ethersproject/keccak256": {
      "version": "5.6.0",
      "resolved": "https://registry.npmjs.org/@ethersproject/keccak256/-/keccak256-5.6.0.tgz",
      "integrity": "sha512-tk56BJ96mdj/ksi7HWZVWGjCq0WVl/QvfhFQNeL8fxhBlGoP+L80uDCiQcpJPd+2XxkivS3lwRm3E0CXTfol0w==",
      "requires": {
        "@ethersproject/bytes": "^5.6.0",
        "js-sha3": "0.8.0"
      }
    },
    "@ethersproject/logger": {
      "version": "5.6.0",
      "resolved": "https://registry.npmjs.org/@ethersproject/logger/-/logger-5.6.0.tgz",
      "integrity": "sha512-BiBWllUROH9w+P21RzoxJKzqoqpkyM1pRnEKG69bulE9TSQD8SAIvTQqIMZmmCO8pUNkgLP1wndX1gKghSpBmg=="
    },
    "@ethersproject/properties": {
      "version": "5.6.0",
      "resolved": "https://registry.npmjs.org/@ethersproject/properties/-/properties-5.6.0.tgz",
      "integrity": "sha512-szoOkHskajKePTJSZ46uHUWWkbv7TzP2ypdEK6jGMqJaEt2sb0jCgfBo0gH0m2HBpRixMuJ6TBRaQCF7a9DoCg==",
      "requires": {
        "@ethersproject/logger": "^5.6.0"
      }
    },
    "@ethersproject/providers": {
      "version": "5.6.0",
      "requires": {
        "@ethersproject/abstract-provider": "^5.6.0",
        "@ethersproject/abstract-signer": "^5.6.0",
        "@ethersproject/address": "^5.6.0",
        "@ethersproject/basex": "^5.6.0",
        "@ethersproject/bignumber": "^5.6.0",
        "@ethersproject/bytes": "^5.6.0",
        "@ethersproject/constants": "^5.6.0",
        "@ethersproject/hash": "^5.6.0",
        "@ethersproject/logger": "^5.6.0",
        "@ethersproject/networks": "^5.6.0",
        "@ethersproject/properties": "^5.6.0",
        "@ethersproject/random": "^5.6.0",
        "@ethersproject/rlp": "^5.6.0",
        "@ethersproject/sha2": "^5.6.0",
        "@ethersproject/strings": "^5.6.0",
        "@ethersproject/transactions": "^5.6.0",
        "@ethersproject/web": "^5.6.0",
        "bech32": "1.1.4",
        "ws": "7.4.6"
      },
      "dependencies": {
        "@ethersproject/abstract-provider": {
          "version": "5.6.0",
          "resolved": "https://registry.npmjs.org/@ethersproject/abstract-provider/-/abstract-provider-5.6.0.tgz",
          "integrity": "sha512-oPMFlKLN+g+y7a79cLK3WiLcjWFnZQtXWgnLAbHZcN3s7L4v90UHpTOrLk+m3yr0gt+/h9STTM6zrr7PM8uoRw==",
          "requires": {
            "@ethersproject/bignumber": "^5.6.0",
            "@ethersproject/bytes": "^5.6.0",
            "@ethersproject/logger": "^5.6.0",
            "@ethersproject/networks": "^5.6.0",
            "@ethersproject/properties": "^5.6.0",
            "@ethersproject/transactions": "^5.6.0",
            "@ethersproject/web": "^5.6.0"
          }
        },
        "@ethersproject/abstract-signer": {
          "version": "5.6.0",
          "resolved": "https://registry.npmjs.org/@ethersproject/abstract-signer/-/abstract-signer-5.6.0.tgz",
          "integrity": "sha512-WOqnG0NJKtI8n0wWZPReHtaLkDByPL67tn4nBaDAhmVq8sjHTPbCdz4DRhVu/cfTOvfy9w3iq5QZ7BX7zw56BQ==",
          "requires": {
            "@ethersproject/abstract-provider": "^5.6.0",
            "@ethersproject/bignumber": "^5.6.0",
            "@ethersproject/bytes": "^5.6.0",
            "@ethersproject/logger": "^5.6.0",
            "@ethersproject/properties": "^5.6.0"
          }
        },
        "@ethersproject/networks": {
          "version": "5.6.2",
          "resolved": "https://registry.npmjs.org/@ethersproject/networks/-/networks-5.6.2.tgz",
          "integrity": "sha512-9uEzaJY7j5wpYGTojGp8U89mSsgQLc40PCMJLMCnFXTs7nhBveZ0t7dbqWUNrepWTszDbFkYD6WlL8DKx5huHA==",
          "requires": {
            "@ethersproject/logger": "^5.6.0"
          }
        },
        "@ethersproject/transactions": {
          "version": "5.6.0",
          "resolved": "https://registry.npmjs.org/@ethersproject/transactions/-/transactions-5.6.0.tgz",
          "integrity": "sha512-4HX+VOhNjXHZyGzER6E/LVI2i6lf9ejYeWD6l4g50AdmimyuStKc39kvKf1bXWQMg7QNVh+uC7dYwtaZ02IXeg==",
          "requires": {
            "@ethersproject/address": "^5.6.0",
            "@ethersproject/bignumber": "^5.6.0",
            "@ethersproject/bytes": "^5.6.0",
            "@ethersproject/constants": "^5.6.0",
            "@ethersproject/keccak256": "^5.6.0",
            "@ethersproject/logger": "^5.6.0",
            "@ethersproject/properties": "^5.6.0",
            "@ethersproject/rlp": "^5.6.0",
            "@ethersproject/signing-key": "^5.6.0"
          }
        },
        "@ethersproject/web": {
          "version": "5.6.0",
          "resolved": "https://registry.npmjs.org/@ethersproject/web/-/web-5.6.0.tgz",
          "integrity": "sha512-G/XHj0hV1FxI2teHRfCGvfBUHFmU+YOSbCxlAMqJklxSa7QMiHFQfAxvwY2PFqgvdkxEKwRNr/eCjfAPEm2Ctg==",
          "requires": {
            "@ethersproject/base64": "^5.6.0",
            "@ethersproject/bytes": "^5.6.0",
            "@ethersproject/logger": "^5.6.0",
            "@ethersproject/properties": "^5.6.0",
            "@ethersproject/strings": "^5.6.0"
          }
        }
      }
    },
    "@ethersproject/random": {
      "version": "5.6.0",
      "resolved": "https://registry.npmjs.org/@ethersproject/random/-/random-5.6.0.tgz",
      "integrity": "sha512-si0PLcLjq+NG/XHSZz90asNf+YfKEqJGVdxoEkSukzbnBgC8rydbgbUgBbBGLeHN4kAJwUFEKsu3sCXT93YMsw==",
      "requires": {
        "@ethersproject/bytes": "^5.6.0",
        "@ethersproject/logger": "^5.6.0"
      }
    },
    "@ethersproject/rlp": {
      "version": "5.6.0",
      "resolved": "https://registry.npmjs.org/@ethersproject/rlp/-/rlp-5.6.0.tgz",
      "integrity": "sha512-dz9WR1xpcTL+9DtOT/aDO+YyxSSdO8YIS0jyZwHHSlAmnxA6cKU3TrTd4Xc/bHayctxTgGLYNuVVoiXE4tTq1g==",
      "requires": {
        "@ethersproject/bytes": "^5.6.0",
        "@ethersproject/logger": "^5.6.0"
      }
    },
    "@ethersproject/sha2": {
      "version": "5.6.0",
      "resolved": "https://registry.npmjs.org/@ethersproject/sha2/-/sha2-5.6.0.tgz",
      "integrity": "sha512-1tNWCPFLu1n3JM9t4/kytz35DkuF9MxqkGGEHNauEbaARdm2fafnOyw1s0tIQDPKF/7bkP1u3dbrmjpn5CelyA==",
      "requires": {
        "@ethersproject/bytes": "^5.6.0",
        "@ethersproject/logger": "^5.6.0",
        "hash.js": "1.1.7"
      }
    },
    "@ethersproject/signing-key": {
      "version": "5.6.0",
      "resolved": "https://registry.npmjs.org/@ethersproject/signing-key/-/signing-key-5.6.0.tgz",
      "integrity": "sha512-S+njkhowmLeUu/r7ir8n78OUKx63kBdMCPssePS89So1TH4hZqnWFsThEd/GiXYp9qMxVrydf7KdM9MTGPFukA==",
      "requires": {
        "@ethersproject/bytes": "^5.6.0",
        "@ethersproject/logger": "^5.6.0",
        "@ethersproject/properties": "^5.6.0",
        "bn.js": "^4.11.9",
        "elliptic": "6.5.4",
        "hash.js": "1.1.7"
      }
    },
    "@ethersproject/strings": {
      "version": "5.6.0",
      "resolved": "https://registry.npmjs.org/@ethersproject/strings/-/strings-5.6.0.tgz",
      "integrity": "sha512-uv10vTtLTZqrJuqBZR862ZQjTIa724wGPWQqZrofaPI/kUsf53TBG0I0D+hQ1qyNtllbNzaW+PDPHHUI6/65Mg==",
      "requires": {
        "@ethersproject/bytes": "^5.6.0",
        "@ethersproject/constants": "^5.6.0",
        "@ethersproject/logger": "^5.6.0"
      }
    },
    "@types/node": {
      "version": "17.0.25",
      "resolved": "https://registry.npmjs.org/@types/node/-/node-17.0.25.tgz",
      "integrity": "sha512-wANk6fBrUwdpY4isjWrKTufkrXdu1D2YHCot2fD/DfWxF5sMrVSA+KN7ydckvaTCh0HiqX9IVl0L5/ZoXg5M7w==",
      "dev": true
    },
    "@types/node-fetch": {
      "version": "2.6.1",
      "resolved": "https://registry.npmjs.org/@types/node-fetch/-/node-fetch-2.6.1.tgz",
      "integrity": "sha512-oMqjURCaxoSIsHSr1E47QHzbmzNR5rK8McHuNb11BOM9cHcIK3Avy0s/b2JlXHoQGTYS3NsvWzV1M0iK7l0wbA==",
      "dev": true,
      "requires": {
        "@types/node": "*",
        "form-data": "^3.0.0"
      }
    },
    "ajv-formats": {
      "version": "2.1.1",
      "requires": {
        "ajv": "^8.0.0"
      },
      "dependencies": {
        "ajv": {
          "version": "8.10.0",
          "resolved": "https://registry.npmjs.org/ajv/-/ajv-8.10.0.tgz",
          "integrity": "sha512-bzqAEZOjkrUMl2afH8dknrq5KEk2SrwdBROR+vH1EKVQTqaUbJVPdc/gEdggTMM0Se+s+Ja4ju4TlNcStKl2Hw==",
          "requires": {
            "fast-deep-equal": "^3.1.1",
            "json-schema-traverse": "^1.0.0",
            "require-from-string": "^2.0.2",
            "uri-js": "^4.2.2"
          }
        }
      }
    },
    "asynckit": {
      "version": "0.4.0",
      "resolved": "https://registry.npmjs.org/asynckit/-/asynckit-0.4.0.tgz",
      "integrity": "sha1-x57Zf380y48robyXkLzDZkdLS3k=",
      "dev": true
    },
    "bech32": {
      "version": "1.1.4",
      "resolved": "https://registry.npmjs.org/bech32/-/bech32-1.1.4.tgz",
      "integrity": "sha512-s0IrSOzLlbvX7yp4WBfPITzpAU8sqQcpsmwXDiKwrG4r491vwCO/XpejasRNl0piBMe/DvP4Tz0mIS/X1DPJBQ=="
    },
    "bn.js": {
      "version": "4.12.0",
      "resolved": "https://registry.npmjs.org/bn.js/-/bn.js-4.12.0.tgz",
      "integrity": "sha512-c98Bf3tPniI+scsdk237ku1Dc3ujXQTSgyiPUDEOe7tRkhrqridvh8klBv0HCEso1OLOYcHuCv/cS6DNxKH+ZA=="
    },
    "brorand": {
      "version": "1.1.0",
      "resolved": "https://registry.npmjs.org/brorand/-/brorand-1.1.0.tgz",
      "integrity": "sha1-EsJe/kCkXjwyPrhnWgoM5XsiNx8="
    },
    "combined-stream": {
      "version": "1.0.8",
      "resolved": "https://registry.npmjs.org/combined-stream/-/combined-stream-1.0.8.tgz",
      "integrity": "sha512-FQN4MRfuJeHf7cBbBMJFXhKSDq+2kAArBlmRBvcvFE5BB1HZKXtSFASDhdlz9zOYwxh8lDdnvmMOe/+5cdoEdg==",
      "dev": true,
      "requires": {
        "delayed-stream": "~1.0.0"
      }
    },
    "delayed-stream": {
      "version": "1.0.0",
      "resolved": "https://registry.npmjs.org/delayed-stream/-/delayed-stream-1.0.0.tgz",
      "integrity": "sha1-3zrhmayt+31ECqrgsp4icrJOxhk=",
      "dev": true
    },
    "elliptic": {
      "version": "6.5.4",
      "resolved": "https://registry.npmjs.org/elliptic/-/elliptic-6.5.4.tgz",
      "integrity": "sha512-iLhC6ULemrljPZb+QutR5TQGB+pdW6KGD5RSegS+8sorOZT+rdQFbsQFJgvN3eRqNALqJer4oQ16YvJHlU8hzQ==",
      "requires": {
        "bn.js": "^4.11.9",
        "brorand": "^1.1.0",
        "hash.js": "^1.0.0",
        "hmac-drbg": "^1.0.1",
        "inherits": "^2.0.4",
        "minimalistic-assert": "^1.0.1",
        "minimalistic-crypto-utils": "^1.0.1"
      }
    },
    "emittery": {
      "version": "0.9.2"
    },
    "fast-deep-equal": {
      "version": "3.1.3",
      "resolved": "https://registry.npmjs.org/fast-deep-equal/-/fast-deep-equal-3.1.3.tgz",
      "integrity": "sha512-f3qQ9oQy9j2AhBe/H9VC91wLmKBCCU/gDOnKNAYG5hswO7BLKj09Hc5HYNz9cGI++xlpDCIgDaitVs03ATR84Q=="
    },
    "form-data": {
      "version": "3.0.1",
      "resolved": "https://registry.npmjs.org/form-data/-/form-data-3.0.1.tgz",
      "integrity": "sha512-RHkBKtLWUVwd7SqRIvCZMEvAMoGUp0XU+seQiZejj0COz3RI3hWP4sCv3gZWWLjJTd7rGwcsF5eKZGii0r/hbg==",
      "dev": true,
      "requires": {
        "asynckit": "^0.4.0",
        "combined-stream": "^1.0.8",
        "mime-types": "^2.1.12"
      }
    },
    "hash.js": {
      "version": "1.1.7",
      "resolved": "https://registry.npmjs.org/hash.js/-/hash.js-1.1.7.tgz",
      "integrity": "sha512-taOaskGt4z4SOANNseOviYDvjEJinIkRgmp7LbKP2YTTmVxWBl87s/uzK9r+44BclBSp2X7K1hqeNfz9JbBeXA==",
      "requires": {
        "inherits": "^2.0.3",
        "minimalistic-assert": "^1.0.1"
      }
    },
    "hmac-drbg": {
      "version": "1.0.1",
      "resolved": "https://registry.npmjs.org/hmac-drbg/-/hmac-drbg-1.0.1.tgz",
      "integrity": "sha1-0nRXAQJabHdabFRXk+1QL8DGSaE=",
      "requires": {
        "hash.js": "^1.0.3",
        "minimalistic-assert": "^1.0.0",
        "minimalistic-crypto-utils": "^1.0.1"
      }
    },
    "inherits": {
      "version": "2.0.4",
      "resolved": "https://registry.npmjs.org/inherits/-/inherits-2.0.4.tgz",
      "integrity": "sha512-k/vGaX4/Yla3WzyMCvTQOXYeIHvqOKtnqBduzTHpzpQZzAskKMhZ2K+EnBiSM9zGSoIFeMpXKxa4dYeZIQqewQ=="
    },
    "js-sha3": {
      "version": "0.8.0",
      "resolved": "https://registry.npmjs.org/js-sha3/-/js-sha3-0.8.0.tgz",
      "integrity": "sha512-gF1cRrHhIzNfToc802P800N8PpXS+evLLXfsVpowqmAFR9uwbi89WvXg2QspOmXL8QL86J4T1EpFu+yUkwJY3Q=="
    },
    "json-schema-traverse": {
      "version": "1.0.0",
      "resolved": "https://registry.npmjs.org/json-schema-traverse/-/json-schema-traverse-1.0.0.tgz",
      "integrity": "sha512-NM8/P9n3XjXhIZn1lLhkFaACTOURQXjWhV4BA/RnOv8xvgqtqpAX9IO4mRQxSx1Rlo4tqzeqb0sOlruaOy3dug=="
    },
    "mime-db": {
      "version": "1.52.0",
      "resolved": "https://registry.npmjs.org/mime-db/-/mime-db-1.52.0.tgz",
      "integrity": "sha512-sPU4uV7dYlvtWJxwwxHD0PuihVNiE7TyAbQ5SWxDCB9mUYvOgroQOwYQQOKPJ8CIbE+1ETVlOoK1UC2nU3gYvg==",
      "dev": true
    },
    "mime-types": {
      "version": "2.1.35",
      "resolved": "https://registry.npmjs.org/mime-types/-/mime-types-2.1.35.tgz",
      "integrity": "sha512-ZDY+bPm5zTTF+YpCrAU9nK0UgICYPT0QtT1NZWFv4s++TNkcgVaT0g6+4R2uI4MjQjzysHB1zxuWL50hzaeXiw==",
      "dev": true,
      "requires": {
        "mime-db": "1.52.0"
      }
    },
    "minimalistic-assert": {
      "version": "1.0.1",
      "resolved": "https://registry.npmjs.org/minimalistic-assert/-/minimalistic-assert-1.0.1.tgz",
      "integrity": "sha512-UtJcAD4yEaGtjPezWuO9wC4nwUnVH/8/Im3yEHQP4b67cXlD/Qr9hdITCU1xDbSEXg2XKNaP8jsReV7vQd00/A=="
    },
    "minimalistic-crypto-utils": {
      "version": "1.0.1",
      "resolved": "https://registry.npmjs.org/minimalistic-crypto-utils/-/minimalistic-crypto-utils-1.0.1.tgz",
      "integrity": "sha1-9sAMHAsIIkblxNmd+4x8CDsrWCo="
    },
    "mockzilla-webextension": {
      "version": "0.13.0",
      "dev": true
    },
    "punycode": {
      "version": "2.1.1",
      "resolved": "https://registry.npmjs.org/punycode/-/punycode-2.1.1.tgz",
      "integrity": "sha512-XRsRjdf+j5ml+y/6GKHPZbrF/8p2Yga0JPtdqTIY2Xe5ohJPD9saDJJLPvp9+NSBprVvevdXZybnj2cv8OEd0A=="
    },
    "require-from-string": {
      "version": "2.0.2",
      "resolved": "https://registry.npmjs.org/require-from-string/-/require-from-string-2.0.2.tgz",
      "integrity": "sha512-Xf0nWe6RseziFMu+Ap9biiUbmplq6S9/p+7w7YXP/JBHhrUDDUhwa+vANyubuqfZWTveU//DYVGsDG7RKL/vEw=="
    },
    "uri-js": {
      "version": "4.4.1",
      "resolved": "https://registry.npmjs.org/uri-js/-/uri-js-4.4.1.tgz",
      "integrity": "sha512-7rKUyy33Q1yc98pQ1DAmLtwX109F7TIfWlW1Ydo8Wl1ii1SeHieeh0HHfPeL2fMXK6z0s8ecKs9frCuLJvndBg==",
      "requires": {
        "punycode": "^2.1.0"
      }
    },
    "webextension-polyfill": {
      "version": "0.8.0"
    },
    "ws": {
      "version": "7.4.6",
      "resolved": "https://registry.npmjs.org/ws/-/ws-7.4.6.tgz",
      "integrity": "sha512-YmhHDO4MzaDLB+M9ym/mDA5z0naX8j7SIlT8f8z+I0VtzsRbekxEutHSme7NPS2qE8StCYQNUnfWdXta/Yu85A=="
    }
  }
}
